
Microsoft Visual Studio Solution File, Format Version 12.00
# Visual Studio Version 16
VisualStudioVersion = 16.0.30404.54
MinimumVisualStudioVersion = 10.0.40219.1
Project("{FAE04EC0-301F-11D3-BF4B-00C04F79EFBC}") = "TccRawan", "TccRawan\TccRawan.csproj", "{4AF2F901-1977-4117-B3DC-C489D806502E}"
EndProject
Project("{FAE04EC0-301F-11D3-BF4B-00C04F79EFBC}") = "RawanApp", "RawanApp\RawanApp.csproj", "{84EBCCD1-B746-466E-B04E-397561EF4DEA}"
EndProject
Global
	GlobalSection(SolutionConfigurationPlatforms) = preSolution
		Debug|Any CPU = Debug|Any CPU
		Release|Any CPU = Release|Any CPU
	EndGlobalSection
	GlobalSection(ProjectConfigurationPlatforms) = postSolution
		{4AF2F901-1977-4117-B3DC-C489D806502E}.Debug|Any CPU.ActiveCfg = Debug|Any CPU
		{4AF2F901-1977-4117-B3DC-C489D806502E}.Debug|Any CPU.Build.0 = Debug|Any CPU
		{4AF2F901-1977-4117-B3DC-C489D806502E}.Release|Any CPU.ActiveCfg = Release|Any CPU
		{4AF2F901-1977-4117-B3DC-C489D806502E}.Release|Any CPU.Build.0 = Release|Any CPU
		{84EBCCD1-B746-466E-B04E-397561EF4DEA}.Debug|Any CPU.ActiveCfg = Debug|Any CPU
		{84EBCCD1-B746-466E-B04E-397561EF4DEA}.Debug|Any CPU.Build.0 = Debug|Any CPU
		{84EBCCD1-B746-466E-B04E-397561EF4DEA}.Release|Any CPU.ActiveCfg = Release|Any CPU
		{84EBCCD1-B746-466E-B04E-397561EF4DEA}.Release|Any CPU.Build.0 = Release|Any CPU
	EndGlobalSection
	GlobalSection(SolutionProperties) = preSolution
		HideSolutionNode = FALSE
	EndGlobalSection
	GlobalSection(ExtensibilityGlobals) = postSolution
		SolutionGuid = {3B3018DF-7621-49E8-A211-3E13859D7104}
	EndGlobalSection
EndGlobal
